
Microsoft Visual Studio Solution File, Format Version 12.00
# Visual Studio 15
VisualStudioVersion = 15.0.28010.2048
MinimumVisualStudioVersion = 10.0.40219.1
Project("{FAE04EC0-301F-11D3-BF4B-00C04F79EFBC}") = "onboardingTask", "onboardingTask\onboardingTask.csproj", "{87C8AAC8-7E78-4633-8C98-79F9495B975C}"
EndProject
Global
	GlobalSection(SolutionConfigurationPlatforms) = preSolution
		Debug|Any CPU = Debug|Any CPU
		Release|Any CPU = Release|Any CPU
	EndGlobalSection
	GlobalSection(ProjectConfigurationPlatforms) = postSolution
		{87C8AAC8-7E78-4633-8C98-79F9495B975C}.Debug|Any CPU.ActiveCfg = Debug|Any CPU
		{87C8AAC8-7E78-4633-8C98-79F9495B975C}.Debug|Any CPU.Build.0 = Debug|Any CPU
		{87C8AAC8-7E78-4633-8C98-79F9495B975C}.Release|Any CPU.ActiveCfg = Release|Any CPU
		{87C8AAC8-7E78-4633-8C98-79F9495B975C}.Release|Any CPU.Build.0 = Release|Any CPU
	EndGlobalSection
	GlobalSection(SolutionProperties) = preSolution
		HideSolutionNode = FALSE
	EndGlobalSection
	GlobalSection(ExtensibilityGlobals) = postSolution
		SolutionGuid = {F431B06F-6EA7-45F1-BAFC-A00EE66D4223}
	EndGlobalSection
EndGlobal
